
Microsoft Visual Studio Solution File, Format Version 12.00
# Visual Studio Version 16
VisualStudioVersion = 16.0.30011.22
MinimumVisualStudioVersion = 10.0.40219.1
Project("{FAE04EC0-301F-11D3-BF4B-00C04F79EFBC}") = "Snoop.Client", "Snoop.Client\Snoop.Client.csproj", "{BF4C0AC6-F909-41AC-89AC-F70005324A6A}"
EndProject
Global
	GlobalSection(SolutionConfigurationPlatforms) = preSolution
		Debug|Any CPU = Debug|Any CPU
		Release|Any CPU = Release|Any CPU
	EndGlobalSection
	GlobalSection(ProjectConfigurationPlatforms) = postSolution
		{BF4C0AC6-F909-41AC-89AC-F70005324A6A}.Debug|Any CPU.ActiveCfg = Debug|Any CPU
		{BF4C0AC6-F909-41AC-89AC-F70005324A6A}.Debug|Any CPU.Build.0 = Debug|Any CPU
		{BF4C0AC6-F909-41AC-89AC-F70005324A6A}.Release|Any CPU.ActiveCfg = Release|Any CPU
		{BF4C0AC6-F909-41AC-89AC-F70005324A6A}.Release|Any CPU.Build.0 = Release|Any CPU
	EndGlobalSection
	GlobalSection(SolutionProperties) = preSolution
		HideSolutionNode = FALSE
	EndGlobalSection
	GlobalSection(ExtensibilityGlobals) = postSolution
		SolutionGuid = {9F000944-806C-4124-88DF-318EBBC02F30}
	EndGlobalSection
EndGlobal
